PODS:
  - YTFloatingTitleTextField (0.1.0)

DEPENDENCIES:
  - YTFloatingTitleTextField (from `../`)

EXTERNAL SOURCES:
  YTFloatingTitleTextField:
    :path: "../"

SPEC CHECKSUMS:
  YTFloatingTitleTextField: 5bb8dc5c4846d44d4bb36e273c02fabdacc061ef

PODFILE CHECKSUM: 07cd3b2d6ae539fe9f01c4eca8d5f5a1f78b6009

COCOAPODS: 1.1.1
